
Microsoft Visual Studio Solution File, Format Version 12.00
# Visual Studio Version 16
VisualStudioVersion = 16.0.29911.84
MinimumVisualStudioVersion = 10.0.40219.1
Project("{FAE04EC0-301F-11D3-BF4B-00C04F79EFBC}") = "WebPages", "WebPages.csproj", "{57F28C65-7149-49EB-B31B-692B5795265B}"
EndProject
Global
	GlobalSection(SolutionConfigurationPlatforms) = preSolution
		Debug|Any CPU = Debug|Any CPU
		Release|Any CPU = Release|Any CPU
	EndGlobalSection
	GlobalSection(ProjectConfigurationPlatforms) = postSolution
		{57F28C65-7149-49EB-B31B-692B5795265B}.Debug|Any CPU.ActiveCfg = Debug|Any CPU
		{57F28C65-7149-49EB-B31B-692B5795265B}.Debug|Any CPU.Build.0 = Debug|Any CPU
		{57F28C65-7149-49EB-B31B-692B5795265B}.Release|Any CPU.ActiveCfg = Release|Any CPU
		{57F28C65-7149-49EB-B31B-692B5795265B}.Release|Any CPU.Build.0 = Release|Any CPU
	EndGlobalSection
	GlobalSection(SolutionProperties) = preSolution
		HideSolutionNode = FALSE
	EndGlobalSection
	GlobalSection(ExtensibilityGlobals) = postSolution
		SolutionGuid = {66577557-3014-44FE-AE52-A193DBB7AD44}
	EndGlobalSection
EndGlobal
